
Microsoft Visual Studio Solution File, Format Version 12.00
# Visual Studio Version 16
VisualStudioVersion = 16.0.29911.84
MinimumVisualStudioVersion = 10.0.40219.1
Project("{FAE04EC0-301F-11D3-BF4B-00C04F79EFBC}") = "BookingAppStore", "BookingAppStore\BookingAppStore.csproj", "{DE0669F5-5E5D-4CC6-861C-14C6B4BD001F}"
EndProject
Project("{9A19103F-16F7-4668-BE54-9A1E7A4F7556}") = "MobileStore", "MobileStore\MobileStore.csproj", "{CD4224ED-B81D-44FD-B61C-2CD1122A1871}"
EndProject
Project("{9A19103F-16F7-4668-BE54-9A1E7A4F7556}") = "WebApplication1", "WebApplication1\WebApplication1.csproj", "{01E9523A-0985-46FD-90F6-3059DECFC1C8}"
EndProject
Project("{FAE04EC0-301F-11D3-BF4B-00C04F79EFBC}") = "WebApplication2", "WebApplication2\WebApplication2.csproj", "{876DCC2D-50A4-45F7-9A54-5475D18C9CEA}"
EndProject
Global
	GlobalSection(SolutionConfigurationPlatforms) = preSolution
		Debug|Any CPU = Debug|Any CPU
		Release|Any CPU = Release|Any CPU
	EndGlobalSection
	GlobalSection(ProjectConfigurationPlatforms) = postSolution
		{DE0669F5-5E5D-4CC6-861C-14C6B4BD001F}.Debug|Any CPU.ActiveCfg = Debug|Any CPU
		{DE0669F5-5E5D-4CC6-861C-14C6B4BD001F}.Debug|Any CPU.Build.0 = Debug|Any CPU
		{DE0669F5-5E5D-4CC6-861C-14C6B4BD001F}.Release|Any CPU.ActiveCfg = Release|Any CPU
		{DE0669F5-5E5D-4CC6-861C-14C6B4BD001F}.Release|Any CPU.Build.0 = Release|Any CPU
		{CD4224ED-B81D-44FD-B61C-2CD1122A1871}.Debug|Any CPU.ActiveCfg = Debug|Any CPU
		{CD4224ED-B81D-44FD-B61C-2CD1122A1871}.Debug|Any CPU.Build.0 = Debug|Any CPU
		{CD4224ED-B81D-44FD-B61C-2CD1122A1871}.Release|Any CPU.ActiveCfg = Release|Any CPU
		{CD4224ED-B81D-44FD-B61C-2CD1122A1871}.Release|Any CPU.Build.0 = Release|Any CPU
		{01E9523A-0985-46FD-90F6-3059DECFC1C8}.Debug|Any CPU.ActiveCfg = Debug|Any CPU
		{01E9523A-0985-46FD-90F6-3059DECFC1C8}.Debug|Any CPU.Build.0 = Debug|Any CPU
		{01E9523A-0985-46FD-90F6-3059DECFC1C8}.Release|Any CPU.ActiveCfg = Release|Any CPU
		{01E9523A-0985-46FD-90F6-3059DECFC1C8}.Release|Any CPU.Build.0 = Release|Any CPU
		{876DCC2D-50A4-45F7-9A54-5475D18C9CEA}.Debug|Any CPU.ActiveCfg = Debug|Any CPU
		{876DCC2D-50A4-45F7-9A54-5475D18C9CEA}.Debug|Any CPU.Build.0 = Debug|Any CPU
		{876DCC2D-50A4-45F7-9A54-5475D18C9CEA}.Release|Any CPU.ActiveCfg = Release|Any CPU
		{876DCC2D-50A4-45F7-9A54-5475D18C9CEA}.Release|Any CPU.Build.0 = Release|Any CPU
	EndGlobalSection
	GlobalSection(SolutionProperties) = preSolution
		HideSolutionNode = FALSE
	EndGlobalSection
	GlobalSection(ExtensibilityGlobals) = postSolution
		SolutionGuid = {6BBDE53F-1F77-47E8-8974-E059CF2272D5}
	EndGlobalSection
EndGlobal
